
Microsoft Visual Studio Solution File, Format Version 12.00
# Visual Studio Version 17
VisualStudioVersion = 17.7.34003.232
MinimumVisualStudioVersion = 10.0.40219.1
Project("{FAE04EC0-301F-11D3-BF4B-00C04F79EFBC}") = "Properties_shepardson_bruce", "Properties_shepardson_bruce.csproj", "{C563A427-3B34-407E-B6F3-CC6247DAFDF5}"
EndProject
Global
	GlobalSection(SolutionConfigurationPlatforms) = preSolution
		Debug|Any CPU = Debug|Any CPU
		Release|Any CPU = Release|Any CPU
	EndGlobalSection
	GlobalSection(ProjectConfigurationPlatforms) = postSolution
		{C563A427-3B34-407E-B6F3-CC6247DAFDF5}.Debug|Any CPU.ActiveCfg = Debug|Any CPU
		{C563A427-3B34-407E-B6F3-CC6247DAFDF5}.Debug|Any CPU.Build.0 = Debug|Any CPU
		{C563A427-3B34-407E-B6F3-CC6247DAFDF5}.Release|Any CPU.ActiveCfg = Release|Any CPU
		{C563A427-3B34-407E-B6F3-CC6247DAFDF5}.Release|Any CPU.Build.0 = Release|Any CPU
	EndGlobalSection
	GlobalSection(SolutionProperties) = preSolution
		HideSolutionNode = FALSE
	EndGlobalSection
	GlobalSection(ExtensibilityGlobals) = postSolution
		SolutionGuid = {C7BC8388-CDA6-4B94-AA4E-4D799F2EF8B5}
	EndGlobalSection
EndGlobal
